
Microsoft Visual Studio Solution File, Format Version 12.00
# Visual Studio 15
VisualStudioVersion = 15.0.28307.421
MinimumVisualStudioVersion = 10.0.40219.1
Project("{FAE04EC0-301F-11D3-BF4B-00C04F79EFBC}") = "AcademicPerformanceUI", "AcademicPerformanceUI\AcademicPerformanceUI.csproj", "{114ECB83-6128-424D-B5E2-DF87108298B2}"
EndProject
Project("{9A19103F-16F7-4668-BE54-9A1E7A4F7556}") = "DataAccess", "DataAccess\DataAccess.csproj", "{C89962C7-21EC-4603-99BB-55A50312F19A}"
EndProject
Project("{FAE04EC0-301F-11D3-BF4B-00C04F79EFBC}") = "Services", "Services\Services.csproj", "{AF1923E5-567D-4ECE-9CB4-4424E840D209}"
EndProject
Global
	GlobalSection(SolutionConfigurationPlatforms) = preSolution
		Debug|Any CPU = Debug|Any CPU
		Release|Any CPU = Release|Any CPU
	EndGlobalSection
	GlobalSection(ProjectConfigurationPlatforms) = postSolution
		{114ECB83-6128-424D-B5E2-DF87108298B2}.Debug|Any CPU.ActiveCfg = Debug|Any CPU
		{114ECB83-6128-424D-B5E2-DF87108298B2}.Debug|Any CPU.Build.0 = Debug|Any CPU
		{114ECB83-6128-424D-B5E2-DF87108298B2}.Release|Any CPU.ActiveCfg = Release|Any CPU
		{114ECB83-6128-424D-B5E2-DF87108298B2}.Release|Any CPU.Build.0 = Release|Any CPU
		{C89962C7-21EC-4603-99BB-55A50312F19A}.Debug|Any CPU.ActiveCfg = Debug|Any CPU
		{C89962C7-21EC-4603-99BB-55A50312F19A}.Debug|Any CPU.Build.0 = Debug|Any CPU
		{C89962C7-21EC-4603-99BB-55A50312F19A}.Release|Any CPU.ActiveCfg = Release|Any CPU
		{C89962C7-21EC-4603-99BB-55A50312F19A}.Release|Any CPU.Build.0 = Release|Any CPU
		{AF1923E5-567D-4ECE-9CB4-4424E840D209}.Debug|Any CPU.ActiveCfg = Debug|Any CPU
		{AF1923E5-567D-4ECE-9CB4-4424E840D209}.Debug|Any CPU.Build.0 = Debug|Any CPU
		{AF1923E5-567D-4ECE-9CB4-4424E840D209}.Release|Any CPU.ActiveCfg = Release|Any CPU
		{AF1923E5-567D-4ECE-9CB4-4424E840D209}.Release|Any CPU.Build.0 = Release|Any CPU
	EndGlobalSection
	GlobalSection(SolutionProperties) = preSolution
		HideSolutionNode = FALSE
	EndGlobalSection
	GlobalSection(ExtensibilityGlobals) = postSolution
		SolutionGuid = {451A6D94-EA2E-446C-8040-F189EDF85FCA}
	EndGlobalSection
EndGlobal
